// !$*UTF8*$!
{
	archiveVersion = 1;
	classes = {
	};
	objectVersion = 50;
	objects = {

/* Begin PBXBuildFile section */
		D4E439DB22FE46D8006E9DAF /* AppDelegate.swift in Sources */ = {isa = PBXBuildFile; fileRef = D4E439DA22FE46D8006E9DAF /* AppDelegate.swift */; };
		D4E439DD22FE46D8006E9DAF /* ViewController.swift in Sources */ = {isa = PBXBuildFile; fileRef = D4E439DC22FE46D8006E9DAF /* ViewController.swift */; };
		D4E439E022FE46D8006E9DAF /* Main.storyboard in Resources */ = {isa = PBXBuildFile; fileRef = D4E439DE22FE46D8006E9DAF /* Main.storyboard */; };
		D4E439E222FE46D9006E9DAF /* Assets.xcassets in Resources */ = {isa = PBXBuildFile; fileRef = D4E439E122FE46D9006E9DAF /* Assets.xcassets */; };
		D4E439E522FE46D9006E9DAF /* LaunchScreen.storyboard in Resources */ = {isa = PBXBuildFile; fileRef = D4E439E322FE46D9006E9DAF /* LaunchScreen.storyboard */; };
		D4E439F022FE46D9006E9DAF /* MemoAppTests.swift in Sources */ = {isa = PBXBuildFile; fileRef = D4E439EF22FE46D9006E9DAF /* MemoAppTests.swift */; };
		D4E439FB22FE46D9006E9DAF /* MemoAppUITests.swift in Sources */ = {isa = PBXBuildFile; fileRef = D4E439FA22FE46D9006E9DAF /* MemoAppUITests.swift */; };
/* End PBXBuildFile section */

/* Begin PBXContainerItemProxy section */
		D4E439EC22FE46D9006E9DAF /* PBXContainerItemProxy */ = {
			isa = PBXContainerItemProxy;
			containerPortal = D4E439CF22FE46D8006E9DAF /* Project object */;
			proxyType = 1;
			remoteGlobalIDString = D4E439D622FE46D8006E9DAF;
			remoteInfo = MemoApp;
		};
		D4E439F722FE46D9006E9DAF /* PBXContainerItemProxy */ = {
			isa = PBXContainerItemProxy;
			containerPortal = D4E439CF22FE46D8006E9DAF /* Project object */;
			proxyType = 1;
			remoteGlobalIDString = D4E439D622FE46D8006E9DAF;
			remoteInfo = MemoApp;
		};
/* End PBXContainerItemProxy section */

/* Begin PBXFileReference section */
		D4E439D722FE46D8006E9DAF /* MemoApp.app */ = {isa = PBXFileReference; explicitFileType = wrapper.application; includeInIndex = 0; path = MemoApp.app; sourceTree = BUILT_PRODUCTS_DIR; };
		D4E439DA22FE46D8006E9DAF /* AppDelegate.swift */ = {isa = PBXFileReference; lastKnownFileType = sourcecode.swift; path = AppDelegate.swift; sourceTree = "<group>"; };
		D4E439DC22FE46D8006E9DAF /* ViewController.swift */ = {isa = PBXFileReference; lastKnownFileType = sourcecode.swift; path = ViewController.swift; sourceTree = "<group>"; };
		D4E439DF22FE46D8006E9DAF /* Base */ = {isa = PBXFileReference; lastKnownFileType = file.storyboard; name = Base; path = Base.lproj/Main.storyboard; sourceTree = "<group>"; };
		D4E439E122FE46D9006E9DAF /* Assets.xcassets */ = {isa = PBXFileReference; lastKnownFileType = folder.assetcatalog; path = Assets.xcassets; sourceTree = "<group>"; };
		D4E439E422FE46D9006E9DAF /* Base */ = {isa = PBXFileReference; lastKnownFileType = file.storyboard; name = Base; path = Base.lproj/LaunchScreen.storyboard; sourceTree = "<group>"; };
		D4E439E622FE46D9006E9DAF /* Info.plist */ = {isa = PBXFileReference; lastKnownFileType = text.plist.xml; path = Info.plist; sourceTree = "<group>"; };
		D4E439EB22FE46D9006E9DAF /* MemoAppTests.xctest */ = {isa = PBXFileReference; explicitFileType = wrapper.cfbundle; includeInIndex = 0; path = MemoAppTests.xctest; sourceTree = BUILT_PRODUCTS_DIR; };
		D4E439EF22FE46D9006E9DAF /* MemoAppTests.swift */ = {isa = PBXFileReference; lastKnownFileType = sourcecode.swift; path = MemoAppTests.swift; sourceTree = "<group>"; };
		D4E439F122FE46D9006E9DAF /* Info.plist */ = {isa = PBXFileReference; lastKnownFileType = text.plist.xml; path = Info.plist; sourceTree = "<group>"; };
		D4E439F622FE46D9006E9DAF /* MemoAppUITests.xctest */ = {isa = PBXFileReference; explicitFileType = wrapper.cfbundle; includeInIndex = 0; path = MemoAppUITests.xctest; sourceTree = BUILT_PRODUCTS_DIR; };
		D4E439FA22FE46D9006E9DAF /* MemoAppUITests.swift */ = {isa = PBXFileReference; lastKnownFileType = sourcecode.swift; path = MemoAppUITests.swift; sourceTree = "<group>"; };
		D4E439FC22FE46D9006E9DAF /* Info.plist */ = {isa = PBXFileReference; lastKnownFileType = text.plist.xml; path = Info.plist; sourceTree = "<group>"; };
/* End PBXFileReference section */

/* Begin PBXFrameworksBuildPhase section */
		D4E439D422FE46D8006E9DAF /* Frameworks */ = {
			isa = PBXFrameworksBuildPhase;
			buildActionMask = 2147483647;
			files = (
			);
			runOnlyForDeploymentPostprocessing = 0;
		};
		D4E439E822FE46D9006E9DAF /* Frameworks */ = {
			isa = PBXFrameworksBuildPhase;
			buildActionMask = 2147483647;
			files = (
			);
			runOnlyForDeploymentPostprocessing = 0;
		};
		D4E439F322FE46D9006E9DAF /* Frameworks */ = {
			isa = PBXFrameworksBuildPhase;
			buildActionMask = 2147483647;
			files = (
			);
			runOnlyForDeploymentPostprocessing = 0;
		};
/* End PBXFrameworksBuildPhase section */

/* Begin PBXGroup section */
		D4E439CE22FE46D8006E9DAF = {
			isa = PBXGroup;
			children = (
				D4E439D922FE46D8006E9DAF /* MemoApp */,
				D4E439EE22FE46D9006E9DAF /* MemoAppTests */,
				D4E439F922FE46D9006E9DAF /* MemoAppUITests */,
				D4E439D822FE46D8006E9DAF /* Products */,
			);
			sourceTree = "<group>";
		};
		D4E439D822FE46D8006E9DAF /* Products */ = {
			isa = PBXGroup;
			children = (
				D4E439D722FE46D8006E9DAF /* MemoApp.app */,
				D4E439EB22FE46D9006E9DAF /* MemoAppTests.xctest */,
				D4E439F622FE46D9006E9DAF /* MemoAppUITests.xctest */,
			);
			name = Products;
			sourceTree = "<group>";
		};
		D4E439D922FE46D8006E9DAF /* MemoApp */ = {
			isa = PBXGroup;
			children = (
				D4E439DA22FE46D8006E9DAF /* AppDelegate.swift */,
				D4E439DC22FE46D8006E9DAF /* ViewController.swift */,
				D4E439DE22FE46D8006E9DAF /* Main.storyboard */,
				D4E439E122FE46D9006E9DAF /* Assets.xcassets */,
				D4E439E322FE46D9006E9DAF /* LaunchScreen.storyboard */,
				D4E439E622FE46D9006E9DAF /* Info.plist */,
			);
			path = MemoApp;
			sourceTree = "<group>";
		};
		D4E439EE22FE46D9006E9DAF /* MemoAppTests */ = {
			isa = PBXGroup;
			children = (
				D4E439EF22FE46D9006E9DAF /* MemoAppTests.swift */,
				D4E439F122FE46D9006E9DAF /* Info.plist */,
			);
			path = MemoAppTests;
			sourceTree = "<group>";
		};
		D4E439F922FE46D9006E9DAF /* MemoAppUITests */ = {
			isa = PBXGroup;
			children = (
				D4E439FA22FE46D9006E9DAF /* MemoAppUITests.swift */,
				D4E439FC22FE46D9006E9DAF /* Info.plist */,
			);
			path = MemoAppUITests;
			sourceTree = "<group>";
		};
/* End PBXGroup section */

/* Begin PBXNativeTarget section */
		D4E439D622FE46D8006E9DAF /* MemoApp */ = {
			isa = PBXNativeTarget;
			buildConfigurationList = D4E439FF22FE46D9006E9DAF /* Build configuration list for PBXNativeTarget "MemoApp" */;
			buildPhases = (
				D4E439D322FE46D8006E9DAF /* Sources */,
				D4E439D422FE46D8006E9DAF /* Frameworks */,
				D4E439D522FE46D8006E9DAF /* Resources */,
			);
			buildRules = (
			);
			dependencies = (
			);
			name = MemoApp;
			productName = MemoApp;
			productReference = D4E439D722FE46D8006E9DAF /* MemoApp.app */;
			productType = "com.apple.product-type.application";
		};
		D4E439EA22FE46D9006E9DAF /* MemoAppTests */ = {
			isa = PBXNativeTarget;
			buildConfigurationList = D4E43A0222FE46D9006E9DAF /* Build configuration list for PBXNativeTarget "MemoAppTests" */;
			buildPhases = (
				D4E439E722FE46D9006E9DAF /* Sources */,
				D4E439E822FE46D9006E9DAF /* Frameworks */,
				D4E439E922FE46D9006E9DAF /* Resources */,
			);
			buildRules = (
			);
			dependencies = (
				D4E439ED22FE46D9006E9DAF /* PBXTargetDependency */,
			);
			name = MemoAppTests;
			productName = MemoAppTests;
			productReference = D4E439EB22FE46D9006E9DAF /* MemoAppTests.xctest */;
			productType = "com.apple.product-type.bundle.unit-test";
		};
		D4E439F522FE46D9006E9DAF /* MemoAppUITests */ = {
			isa = PBXNativeTarget;
			buildConfigurationList = D4E43A0522FE46D9006E9DAF /* Build configuration list for PBXNativeTarget "MemoAppUITests" */;
			buildPhases = (
				D4E439F222FE46D9006E9DAF /* Sources */,
				D4E439F322FE46D9006E9DAF /* Frameworks */,
				D4E439F422FE46D9006E9DAF /* Resources */,
			);
			buildRules = (
			);
			dependencies = (
				D4E439F822FE46D9006E9DAF /* PBXTargetDependency */,
			);
			name = MemoAppUITests;
			productName = MemoAppUITests;
			productReference = D4E439F622FE46D9006E9DAF /* MemoAppUITests.xctest */;
			productType = "com.apple.product-type.bundle.ui-testing";
		};
/* End PBXNativeTarget section */

/* Begin PBXProject section */
		D4E439CF22FE46D8006E9DAF /* Project object */ = {
			isa = PBXProject;
			attributes = {
				LastSwiftUpdateCheck = 1020;
				LastUpgradeCheck = 1020;
				ORGANIZATIONNAME = "坂口卓也";
				TargetAttributes = {
					D4E439D622FE46D8006E9DAF = {
						CreatedOnToolsVersion = 10.2.1;
					};
					D4E439EA22FE46D9006E9DAF = {
						CreatedOnToolsVersion = 10.2.1;
						TestTargetID = D4E439D622FE46D8006E9DAF;
					};
					D4E439F522FE46D9006E9DAF = {
						CreatedOnToolsVersion = 10.2.1;
						TestTargetID = D4E439D622FE46D8006E9DAF;
					};
				};
			};
			buildConfigurationList = D4E439D222FE46D8006E9DAF /* Build configuration list for PBXProject "MemoApp" */;
			compatibilityVersion = "Xcode 9.3";
			developmentRegion = en;
			hasScannedForEncodings = 0;
			knownRegions = (
				en,
				Base,
			);
			mainGroup = D4E439CE22FE46D8006E9DAF;
			productRefGroup = D4E439D822FE46D8006E9DAF /* Products */;
			projectDirPath = "";
			projectRoot = "";
			targets = (
				D4E439D622FE46D8006E9DAF /* MemoApp */,
				D4E439EA22FE46D9006E9DAF /* MemoAppTests */,
				D4E439F522FE46D9006E9DAF /* MemoAppUITests */,
			);
		};
/* End PBXProject section */

/* Begin PBXResourcesBuildPhase section */
		D4E439D522FE46D8006E9DAF /* Resources */ = {
			isa = PBXResourcesBuildPhase;
			buildActionMask = 2147483647;
			files = (
				D4E439E522FE46D9006E9DAF /* LaunchScreen.storyboard in Resources */,
				D4E439E222FE46D9006E9DAF /* Assets.xcassets in Resources */,
				D4E439E022FE46D8006E9DAF /* Main.storyboard in Resources */,
			);
			runOnlyForDeploymentPostprocessing = 0;
		};
		D4E439E922FE46D9006E9DAF /* Resources */ = {
			isa = PBXResourcesBuildPhase;
			buildActionMask = 2147483647;
			files = (
			);
			runOnlyForDeploymentPostprocessing = 0;
		};
		D4E439F422FE46D9006E9DAF /* Resources */ = {
			isa = PBXResourcesBuildPhase;
			buildActionMask = 2147483647;
			files = (
			);
			runOnlyForDeploymentPostprocessing = 0;
		};
/* End PBXResourcesBuildPhase section */

/* Begin PBXSourcesBuildPhase section */
		D4E439D322FE46D8006E9DAF /* Sources */ = {
			isa = PBXSourcesBuildPhase;
			buildActionMask = 2147483647;
			files = (
				D4E439DD22FE46D8006E9DAF /* ViewController.swift in Sources */,
				D4E439DB22FE46D8006E9DAF /* AppDelegate.swift in Sources */,
			);
			runOnlyForDeploymentPostprocessing = 0;
		};
		D4E439E722FE46D9006E9DAF /* Sources */ = {
			isa = PBXSourcesBuildPhase;
			buildActionMask = 2147483647;
			files = (
				D4E439F022FE46D9006E9DAF /* MemoAppTests.swift in Sources */,
			);
			runOnlyForDeploymentPostprocessing = 0;
		};
		D4E439F222FE46D9006E9DAF /* Sources */ = {
			isa = PBXSourcesBuildPhase;
			buildActionMask = 2147483647;
			files = (
				D4E439FB22FE46D9006E9DAF /* MemoAppUITests.swift in Sources */,
			);
			runOnlyForDeploymentPostprocessing = 0;
		};
/* End PBXSourcesBuildPhase section */

/* Begin PBXTargetDependency section */
		D4E439ED22FE46D9006E9DAF /* PBXTargetDependency */ = {
			isa = PBXTargetDependency;
			target = D4E439D622FE46D8006E9DAF /* MemoApp */;
			targetProxy = D4E439EC22FE46D9006E9DAF /* PBXContainerItemProxy */;
		};
		D4E439F822FE46D9006E9DAF /* PBXTargetDependency */ = {
			isa = PBXTargetDependency;
			target = D4E439D622FE46D8006E9DAF /* MemoApp */;
			targetProxy = D4E439F722FE46D9006E9DAF /* PBXContainerItemProxy */;
		};
/* End PBXTargetDependency section */

/* Begin PBXVariantGroup section */
		D4E439DE22FE46D8006E9DAF /* Main.storyboard */ = {
			isa = PBXVariantGroup;
			children = (
				D4E439DF22FE46D8006E9DAF /* Base */,
			);
			name = Main.storyboard;
			sourceTree = "<group>";
		};
		D4E439E322FE46D9006E9DAF /* LaunchScreen.storyboard */ = {
			isa = PBXVariantGroup;
			children = (
				D4E439E422FE46D9006E9DAF /* Base */,
			);
			name = LaunchScreen.storyboard;
			sourceTree = "<group>";
		};
/* End PBXVariantGroup section */

/* Begin XCBuildConfiguration section */
		D4E439FD22FE46D9006E9DAF /* Debug */ = {
			isa = XCBuildConfiguration;
			buildSettings = {
				ALWAYS_SEARCH_USER_PATHS = NO;
				CLANG_ANALYZER_NONNULL = YES;
				CLANG_ANALYZER_NUMBER_OBJECT_CONVERSION = YES_AGGRESSIVE;
				CLANG_CXX_LANGUAGE_STANDARD = "gnu++14";
				CLANG_CXX_LIBRARY = "libc++";
				CLANG_ENABLE_MODULES = YES;
				CLANG_ENABLE_OBJC_ARC = YES;
				CLANG_ENABLE_OBJC_WEAK = YES;
				CLANG_WARN_BLOCK_CAPTURE_AUTORELEASING = YES;
				CLANG_WARN_BOOL_CONVERSION = YES;
				CLANG_WARN_COMMA = YES;
				CLANG_WARN_CONSTANT_CONVERSION = YES;
				CLANG_WARN_DEPRECATED_OBJC_IMPLEMENTATIONS = YES;
				CLANG_WARN_DIRECT_OBJC_ISA_USAGE = YES_ERROR;
				CLANG_WARN_DOCUMENTATION_COMMENTS = YES;
				CLANG_WARN_EMPTY_BODY = YES;
				CLANG_WARN_ENUM_CONVERSION = YES;
				CLANG_WARN_INFINITE_RECURSION = YES;
				CLANG_WARN_INT_CONVERSION = YES;
				CLANG_WARN_NON_LITERAL_NULL_CONVERSION = YES;
				CLANG_WARN_OBJC_IMPLICIT_RETAIN_SELF = YES;
				CLANG_WARN_OBJC_LITERAL_CONVERSION = YES;
				CLANG_WARN_OBJC_ROOT_CLASS = YES_ERROR;
				CLANG_WARN_RANGE_LOOP_ANALYSIS = YES;
				CLANG_WARN_STRICT_PROTOTYPES = YES;
				CLANG_WARN_SUSPICIOUS_MOVE = YES;
				CLANG_WARN_UNGUARDED_AVAILABILITY = YES_AGGRESSIVE;
				CLANG_WARN_UNREACHABLE_CODE = YES;
				CLANG_WARN__DUPLICATE_METHOD_MATCH = YES;
				CODE_SIGN_IDENTITY = "iPhone Developer";
				COPY_PHASE_STRIP = NO;
				DEBUG_INFORMATION_FORMAT = dwarf;
				ENABLE_STRICT_OBJC_MSGSEND = YES;
				ENABLE_TESTABILITY = YES;
				GCC_C_LANGUAGE_STANDARD = gnu11;
				GCC_DYNAMIC_NO_PIC = NO;
				GCC_NO_COMMON_BLOCKS = YES;
				GCC_OPTIMIZATION_LEVEL = 0;
				GCC_PREPROCESSOR_DEFINITIONS = (
					"DEBUG=1",
					"$(inherited)",
				);
				GCC_WARN_64_TO_32_BIT_CONVERSION = YES;
				GCC_WARN_ABOUT_RETURN_TYPE = YES_ERROR;
				GCC_WARN_UNDECLARED_SELECTOR = YES;
				GCC_WARN_UNINITIALIZED_AUTOS = YES_AGGRESSIVE;
				GCC_WARN_UNUSED_FUNCTION = YES;
				GCC_WARN_UNUSED_VARIABLE = YES;
				IPHONEOS_DEPLOYMENT_TARGET = 12.2;
				MTL_ENABLE_DEBUG_INFO = INCLUDE_SOURCE;
				MTL_FAST_MATH = YES;
				ONLY_ACTIVE_ARCH = YES;
				SDKROOT = iphoneos;
				SWIFT_ACTIVE_COMPILATION_CONDITIONS = DEBUG;
				SWIFT_OPTIMIZATION_LEVEL = "-Onone";
			};
			name = Debug;
		};
		D4E439FE22FE46D9006E9DAF /* Release */ = {
			isa = XCBuildConfiguration;
			buildSettings = {
				ALWAYS_SEARCH_USER_PATHS = NO;
				CLANG_ANALYZER_NONNULL = YES;
				CLANG_ANALYZER_NUMBER_OBJECT_CONVERSION = YES_AGGRESSIVE;
				CLANG_CXX_LANGUAGE_STANDARD = "gnu++14";
				CLANG_CXX_LIBRARY = "libc++";
				CLANG_ENABLE_MODULES = YES;
				CLANG_ENABLE_OBJC_ARC = YES;
				CLANG_ENABLE_OBJC_WEAK = YES;
				CLANG_WARN_BLOCK_CAPTURE_AUTORELEASING = YES;
				CLANG_WARN_BOOL_CONVERSION = YES;
				CLANG_WARN_COMMA = YES;
				CLANG_WARN_CONSTANT_CONVERSION = YES;
				CLANG_WARN_DEPRECATED_OBJC_IMPLEMENTATIONS = YES;
				CLANG_WARN_DIRECT_OBJC_ISA_USAGE = YES_ERROR;
				CLANG_WARN_DOCUMENTATION_COMMENTS = YES;
				CLANG_WARN_EMPTY_BODY = YES;
				CLANG_WARN_ENUM_CONVERSION = YES;
				CLANG_WARN_INFINITE_RECURSION = YES;
				CLANG_WARN_INT_CONVERSION = YES;
				CLANG_WARN_NON_LITERAL_NULL_CONVERSION = YES;
				CLANG_WARN_OBJC_IMPLICIT_RETAIN_SELF = YES;
				CLANG_WARN_OBJC_LITERAL_CONVERSION = YES;
				CLANG_WARN_OBJC_ROOT_CLASS = YES_ERROR;
				CLANG_WARN_RANGE_LOOP_ANALYSIS = YES;
				CLANG_WARN_STRICT_PROTOTYPES = YES;
				CLANG_WARN_SUSPICIOUS_MOVE = YES;
				CLANG_WARN_UNGUARDED_AVAILABILITY = YES_AGGRESSIVE;
				CLANG_WARN_UNREACHABLE_CODE = YES;
				CLANG_WARN__DUPLICATE_METHOD_MATCH = YES;
				CODE_SIGN_IDENTITY = "iPhone Developer";
				COPY_PHASE_STRIP = NO;
				DEBUG_INFORMATION_FORMAT = "dwarf-with-dsym";
				ENABLE_NS_ASSERTIONS = NO;
				ENABLE_STRICT_OBJC_MSGSEND = YES;
				GCC_C_LANGUAGE_STANDARD = gnu11;
				GCC_NO_COMMON_BLOCKS = YES;
				GCC_WARN_64_TO_32_BIT_CONVERSION = YES;
				GCC_WARN_ABOUT_RETURN_TYPE = YES_ERROR;
				GCC_WARN_UNDECLARED_SELECTOR = YES;
				GCC_WARN_UNINITIALIZED_AUTOS = YES_AGGRESSIVE;
				GCC_WARN_UNUSED_FUNCTION = YES;
				GCC_WARN_UNUSED_VARIABLE = YES;
				IPHONEOS_DEPLOYMENT_TARGET = 12.2;
				MTL_ENABLE_DEBUG_INFO = NO;
				MTL_FAST_MATH = YES;
				SDKROOT = iphoneos;
				SWIFT_COMPILATION_MODE = wholemodule;
				SWIFT_OPTIMIZATION_LEVEL = "-O";
				VALIDATE_PRODUCT = YES;
			};
			name = Release;
		};
		D4E43A0022FE46D9006E9DAF /* Debug */ = {
			isa = XCBuildConfiguration;
			buildSettings = {
				ASSETCATALOG_COMPILER_APPICON_NAME = AppIcon;
				CODE_SIGN_STYLE = Automatic;
				INFOPLIST_FILE = MemoApp/Info.plist;
				LD_RUNPATH_SEARCH_PATHS = (
					"$(inherited)",
					"@executable_path/Frameworks",
				);
				PRODUCT_BUNDLE_IDENTIFIER = vertex.MemoApp;
				PRODUCT_NAME = "$(TARGET_NAME)";
				SWIFT_VERSION = 5.0;
				TARGETED_DEVICE_FAMILY = "1,2";
			};
			name = Debug;
		};
		D4E43A0122FE46D9006E9DAF /* Release */ = {
			isa = XCBuildConfiguration;
			buildSettings = {
				ASSETCATALOG_COMPILER_APPICON_NAME = AppIcon;
				CODE_SIGN_STYLE = Automatic;
				INFOPLIST_FILE = MemoApp/Info.plist;
				LD_RUNPATH_SEARCH_PATHS = (
					"$(inherited)",
					"@executable_path/Frameworks",
				);
				PRODUCT_BUNDLE_IDENTIFIER = vertex.MemoApp;
				PRODUCT_NAME = "$(TARGET_NAME)";
				SWIFT_VERSION = 5.0;
				TARGETED_DEVICE_FAMILY = "1,2";
			};
			name = Release;
		};
		D4E43A0322FE46D9006E9DAF /* Debug */ = {
			isa = XCBuildConfiguration;
			buildSettings = {
				ALWAYS_EMBED_SWIFT_STANDARD_LIBRARIES = YES;
				BUNDLE_LOADER = "$(TEST_HOST)";
				CODE_SIGN_STYLE = Automatic;
				INFOPLIST_FILE = MemoAppTests/Info.plist;
				LD_RUNPATH_SEARCH_PATHS = (
					"$(inherited)",
					"@executable_path/Frameworks",
					"@loader_path/Frameworks",
				);
				PRODUCT_BUNDLE_IDENTIFIER = vertex.MemoAppTests;
				PRODUCT_NAME = "$(TARGET_NAME)";
				SWIFT_VERSION = 5.0;
				TARGETED_DEVICE_FAMILY = "1,2";
				TEST_HOST = "$(BUILT_PRODUCTS_DIR)/MemoApp.app/MemoApp";
			};
			name = Debug;
		};
		D4E43A0422FE46D9006E9DAF /* Release */ = {
			isa = XCBuildConfiguration;
			buildSettings = {
				ALWAYS_EMBED_SWIFT_STANDARD_LIBRARIES = YES;
				BUNDLE_LOADER = "$(TEST_HOST)";
				CODE_SIGN_STYLE = Automatic;
				INFOPLIST_FILE = MemoAppTests/Info.plist;
				LD_RUNPATH_SEARCH_PATHS = (
					"$(inherited)",
					"@executable_path/Frameworks",
					"@loader_path/Frameworks",
				);
				PRODUCT_BUNDLE_IDENTIFIER = vertex.MemoAppTests;
				PRODUCT_NAME = "$(TARGET_NAME)";
				SWIFT_VERSION = 5.0;
				TARGETED_DEVICE_FAMILY = "1,2";
				TEST_HOST = "$(BUILT_PRODUCTS_DIR)/MemoApp.app/MemoApp";
			};
			name = Release;
		};
		D4E43A0622FE46D9006E9DAF /* Debug */ = {
			isa = XCBuildConfiguration;
			buildSettings = {
				ALWAYS_EMBED_SWIFT_STANDARD_LIBRARIES = YES;
				CODE_SIGN_STYLE = Automatic;
				INFOPLIST_FILE = MemoAppUITests/Info.plist;
				LD_RUNPATH_SEARCH_PATHS = (
					"$(inherited)",
					"@executable_path/Frameworks",
					"@loader_path/Frameworks",
				);
				PRODUCT_BUNDLE_IDENTIFIER = vertex.MemoAppUITests;
				PRODUCT_NAME = "$(TARGET_NAME)";
				SWIFT_VERSION = 5.0;
				TARGETED_DEVICE_FAMILY = "1,2";
				TEST_TARGET_NAME = MemoApp;
			};
			name = Debug;
		};
		D4E43A0722FE46D9006E9DAF /* Release */ = {
			isa = XCBuildConfiguration;
			buildSettings = {
				ALWAYS_EMBED_SWIFT_STANDARD_LIBRARIES = YES;
				CODE_SIGN_STYLE = Automatic;
				INFOPLIST_FILE = MemoAppUITests/Info.plist;
				LD_RUNPATH_SEARCH_PATHS = (
					"$(inherited)",
					"@executable_path/Frameworks",
					"@loader_path/Frameworks",
				);
				PRODUCT_BUNDLE_IDENTIFIER = vertex.MemoAppUITests;
				PRODUCT_NAME = "$(TARGET_NAME)";
				SWIFT_VERSION = 5.0;
				TARGETED_DEVICE_FAMILY = "1,2";
				TEST_TARGET_NAME = MemoApp;
			};
			name = Release;
		};
/* End XCBuildConfiguration section */

/* Begin XCConfigurationList section */
		D4E439D222FE46D8006E9DAF /* Build configuration list for PBXProject "MemoApp" */ = {
			isa = XCConfigurationList;
			buildConfigurations = (
				D4E439FD22FE46D9006E9DAF /* Debug */,
				D4E439FE22FE46D9006E9DAF /* Release */,
			);
			defaultConfigurationIsVisible = 0;
			defaultConfigurationName = Release;
		};
		D4E439FF22FE46D9006E9DAF /* Build configuration list for PBXNativeTarget "MemoApp" */ = {
			isa = XCConfigurationList;
			buildConfigurations = (
				D4E43A0022FE46D9006E9DAF /* Debug */,
				D4E43A0122FE46D9006E9DAF /* Release */,
			);
			defaultConfigurationIsVisible = 0;
			defaultConfigurationName = Release;
		};
		D4E43A0222FE46D9006E9DAF /* Build configuration list for PBXNativeTarget "MemoAppTests" */ = {
			isa = XCConfigurationList;
			buildConfigurations = (
				D4E43A0322FE46D9006E9DAF /* Debug */,
				D4E43A0422FE46D9006E9DAF /* Release */,
			);
			defaultConfigurationIsVisible = 0;
			defaultConfigurationName = Release;
		};
		D4E43A0522FE46D9006E9DAF /* Build configuration list for PBXNativeTarget "MemoAppUITests" */ = {
			isa = XCConfigurationList;
			buildConfigurations = (
				D4E43A0622FE46D9006E9DAF /* Debug */,
				D4E43A0722FE46D9006E9DAF /* Release */,
			);
			defaultConfigurationIsVisible = 0;
			defaultConfigurationName = Release;
		};
/* End XCConfigurationList section */
	};
	rootObject = D4E439CF22FE46D8006E9DAF /* Project object */;
}
